// !$*UTF8*$!
{
	archiveVersion = 1;
	classes = {
	};
	objectVersion = 46;
	objects = {

/* Begin PBXBuildFile section */
		6249A8D116F875AC000E2AC0 /* SinaWeiboViewController.m in Sources */ = {isa = PBXBuildFile; fileRef = 6249A8D016F875AC000E2AC0 /* SinaWeiboViewController.m */; };
		6249A8D516F875C4000E2AC0 /* TencentQQViewController.m in Sources */ = {isa = PBXBuildFile; fileRef = 6249A8D416F875C4000E2AC0 /* TencentQQViewController.m */; };
		627AB31E16F8584400305B9C /* UIKit.framework in Frameworks */ = {isa = PBXBuildFile; fileRef = 627AB31D16F8584400305B9C /* UIKit.framework */; };
		627AB32016F8584400305B9C /* Foundation.framework in Frameworks */ = {isa = PBXBuildFile; fileRef = 627AB31F16F8584400305B9C /* Foundation.framework */; };
		627AB32216F8584400305B9C /* CoreGraphics.framework in Frameworks */ = {isa = PBXBuildFile; fileRef = 627AB32116F8584400305B9C /* CoreGraphics.framework */; };
		627AB32816F8584400305B9C /* InfoPlist.strings in Resources */ = {isa = PBXBuildFile; fileRef = 627AB32616F8584400305B9C /* InfoPlist.strings */; };
		627AB32A16F8584400305B9C /* main.m in Sources */ = {isa = PBXBuildFile; fileRef = 627AB32916F8584400305B9C /* main.m */; };
		627AB32E16F8584400305B9C /* AppDelegate.m in Sources */ = {isa = PBXBuildFile; fileRef = 627AB32D16F8584400305B9C /* AppDelegate.m */; };
		627AB33016F8584400305B9C /* Default.png in Resources */ = {isa = PBXBuildFile; fileRef = 627AB32F16F8584400305B9C /* Default.png */; };
		627AB33216F8584400305B9C /* Default@2x.png in Resources */ = {isa = PBXBuildFile; fileRef = 627AB33116F8584400305B9C /* Default@2x.png */; };
		627AB33416F8584400305B9C /* Default-568h@2x.png in Resources */ = {isa = PBXBuildFile; fileRef = 627AB33316F8584400305B9C /* Default-568h@2x.png */; };
		627AB33716F8584400305B9C /* MainStoryboard.storyboard in Resources */ = {isa = PBXBuildFile; fileRef = 627AB33516F8584400305B9C /* MainStoryboard.storyboard */; };
		627AB33A16F8584400305B9C /* ViewController.m in Sources */ = {isa = PBXBuildFile; fileRef = 627AB33916F8584400305B9C /* ViewController.m */; };
		627AB34D16F85A2500305B9C /* JSONKit.m in Sources */ = {isa = PBXBuildFile; fileRef = 627AB34316F85A2500305B9C /* JSONKit.m */; };
		627AB34E16F85A2500305B9C /* SinaWeibo.bundle in Resources */ = {isa = PBXBuildFile; fileRef = 627AB34516F85A2500305B9C /* SinaWeibo.bundle */; };
		627AB34F16F85A2500305B9C /* SinaWeibo.m in Sources */ = {isa = PBXBuildFile; fileRef = 627AB34716F85A2500305B9C /* SinaWeibo.m */; };
		627AB35016F85A2500305B9C /* SinaWeiboAuthorizeView.m in Sources */ = {isa = PBXBuildFile; fileRef = 627AB34916F85A2500305B9C /* SinaWeiboAuthorizeView.m */; };
		627AB35116F85A2500305B9C /* SinaWeiboRequest.m in Sources */ = {isa = PBXBuildFile; fileRef = 627AB34C16F85A2500305B9C /* SinaWeiboRequest.m */; };
		627AB35816F85D3200305B9C /* TencentOpenApi_IOS_Bundle.bundle in Resources */ = {isa = PBXBuildFile; fileRef = 627AB35716F85D3200305B9C /* TencentOpenApi_IOS_Bundle.bundle */; };
		627AB35A16F85D3D00305B9C /* TencentOpenAPI.framework in Frameworks */ = {isa = PBXBuildFile; fileRef = 627AB35916F85D3D00305B9C /* TencentOpenAPI.framework */; };
		627AB35C16F85DFD00305B9C /* SystemConfiguration.framework in Frameworks */ = {isa = PBXBuildFile; fileRef = 627AB35B16F85DFD00305B9C /* SystemConfiguration.framework */; };
		627AB36216F85EA000305B9C /* libiconv.dylib in Frameworks */ = {isa = PBXBuildFile; fileRef = 627AB36116F85EA000305B9C /* libiconv.dylib */; };
/* End PBXBuildFile section */

/* Begin PBXFileReference section */
		6249A8CF16F875AC000E2AC0 /* SinaWeiboViewController.h */ = {isa = PBXFileReference; fileEncoding = 4; lastKnownFileType = sourcecode.c.h; path = SinaWeiboViewController.h; sourceTree = "<group>"; };
		6249A8D016F875AC000E2AC0 /* SinaWeiboViewController.m */ = {isa = PBXFileReference; fileEncoding = 4; lastKnownFileType = sourcecode.c.objc; path = SinaWeiboViewController.m; sourceTree = "<group>"; };
		6249A8D316F875C4000E2AC0 /* TencentQQViewController.h */ = {isa = PBXFileReference; fileEncoding = 4; lastKnownFileType = sourcecode.c.h; path = TencentQQViewController.h; sourceTree = "<group>"; };
		6249A8D416F875C4000E2AC0 /* TencentQQViewController.m */ = {isa = PBXFileReference; fileEncoding = 4; lastKnownFileType = sourcecode.c.objc; path = TencentQQViewController.m; sourceTree = "<group>"; };
		627AB31916F8584400305B9C /* multiple_oauth.app */ = {isa = PBXFileReference; explicitFileType = wrapper.application; includeInIndex = 0; path = multiple_oauth.app; sourceTree = BUILT_PRODUCTS_DIR; };
		627AB31D16F8584400305B9C /* UIKit.framework */ = {isa = PBXFileReference; lastKnownFileType = wrapper.framework; name = UIKit.framework; path = System/Library/Frameworks/UIKit.framework; sourceTree = SDKROOT; };
		627AB31F16F8584400305B9C /* Foundation.framework */ = {isa = PBXFileReference; lastKnownFileType = wrapper.framework; name = Foundation.framework; path = System/Library/Frameworks/Foundation.framework; sourceTree = SDKROOT; };
		627AB32116F8584400305B9C /* CoreGraphics.framework */ = {isa = PBXFileReference; lastKnownFileType = wrapper.framework; name = CoreGraphics.framework; path = System/Library/Frameworks/CoreGraphics.framework; sourceTree = SDKROOT; };
		627AB32516F8584400305B9C /* multiple_oauth-Info.plist */ = {isa = PBXFileReference; lastKnownFileType = text.plist.xml; path = "multiple_oauth-Info.plist"; sourceTree = "<group>"; };
		627AB32716F8584400305B9C /* en */ = {isa = PBXFileReference; lastKnownFileType = text.plist.strings; name = en; path = en.lproj/InfoPlist.strings; sourceTree = "<group>"; };
		627AB32916F8584400305B9C /* main.m */ = {isa = PBXFileReference; lastKnownFileType = sourcecode.c.objc; path = main.m; sourceTree = "<group>"; };
		627AB32B16F8584400305B9C /* multiple_oauth-Prefix.pch */ = {isa = PBXFileReference; lastKnownFileType = sourcecode.c.h; path = "multiple_oauth-Prefix.pch"; sourceTree = "<group>"; };
		627AB32C16F8584400305B9C /* AppDelegate.h */ = {isa = PBXFileReference; lastKnownFileType = sourcecode.c.h; path = AppDelegate.h; sourceTree = "<group>"; };
		627AB32D16F8584400305B9C /* AppDelegate.m */ = {isa = PBXFileReference; lastKnownFileType = sourcecode.c.objc; path = AppDelegate.m; sourceTree = "<group>"; };
		627AB32F16F8584400305B9C /* Default.png */ = {isa = PBXFileReference; lastKnownFileType = image.png; path = Default.png; sourceTree = "<group>"; };
		627AB33116F8584400305B9C /* Default@2x.png */ = {isa = PBXFileReference; lastKnownFileType = image.png; path = "Default@2x.png"; sourceTree = "<group>"; };
		627AB33316F8584400305B9C /* Default-568h@2x.png */ = {isa = PBXFileReference; lastKnownFileType = image.png; path = "Default-568h@2x.png"; sourceTree = "<group>"; };
		627AB33616F8584400305B9C /* en */ = {isa = PBXFileReference; lastKnownFileType = file.storyboard; name = en; path = en.lproj/MainStoryboard.storyboard; sourceTree = "<group>"; };
		627AB33816F8584400305B9C /* ViewController.h */ = {isa = PBXFileReference; lastKnownFileType = sourcecode.c.h; path = ViewController.h; sourceTree = "<group>"; };
		627AB33916F8584400305B9C /* ViewController.m */ = {isa = PBXFileReference; lastKnownFileType = sourcecode.c.objc; path = ViewController.m; sourceTree = "<group>"; };
		627AB34216F85A2500305B9C /* JSONKit.h */ = {isa = PBXFileReference; fileEncoding = 4; lastKnownFileType = sourcecode.c.h; path = JSONKit.h; sourceTree = "<group>"; };
		627AB34316F85A2500305B9C /* JSONKit.m */ = {isa = PBXFileReference; fileEncoding = 4; lastKnownFileType = sourcecode.c.objc; path = JSONKit.m; sourceTree = "<group>"; };
		627AB34516F85A2500305B9C /* SinaWeibo.bundle */ = {isa = PBXFileReference; lastKnownFileType = "wrapper.plug-in"; path = SinaWeibo.bundle; sourceTree = "<group>"; };
		627AB34616F85A2500305B9C /* SinaWeibo.h */ = {isa = PBXFileReference; fileEncoding = 4; lastKnownFileType = sourcecode.c.h; path = SinaWeibo.h; sourceTree = "<group>"; };
		627AB34716F85A2500305B9C /* SinaWeibo.m */ = {isa = PBXFileReference; fileEncoding = 4; lastKnownFileType = sourcecode.c.objc; path = SinaWeibo.m; sourceTree = "<group>"; };
		627AB34816F85A2500305B9C /* SinaWeiboAuthorizeView.h */ = {isa = PBXFileReference; fileEncoding = 4; lastKnownFileType = sourcecode.c.h; path = SinaWeiboAuthorizeView.h; sourceTree = "<group>"; };
		627AB34916F85A2500305B9C /* SinaWeiboAuthorizeView.m */ = {isa = PBXFileReference; fileEncoding = 4; lastKnownFileType = sourcecode.c.objc; path = SinaWeiboAuthorizeView.m; sourceTree = "<group>"; };
		627AB34A16F85A2500305B9C /* SinaWeiboConstants.h */ = {isa = PBXFileReference; fileEncoding = 4; lastKnownFileType = sourcecode.c.h; path = SinaWeiboConstants.h; sourceTree = "<group>"; };
		627AB34B16F85A2500305B9C /* SinaWeiboRequest.h */ = {isa = PBXFileReference; fileEncoding = 4; lastKnownFileType = sourcecode.c.h; path = SinaWeiboRequest.h; sourceTree = "<group>"; };
		627AB34C16F85A2500305B9C /* SinaWeiboRequest.m */ = {isa = PBXFileReference; fileEncoding = 4; lastKnownFileType = sourcecode.c.objc; path = SinaWeiboRequest.m; sourceTree = "<group>"; };
		627AB35716F85D3200305B9C /* TencentOpenApi_IOS_Bundle.bundle */ = {isa = PBXFileReference; lastKnownFileType = "wrapper.plug-in"; name = TencentOpenApi_IOS_Bundle.bundle; path = multiple_oauth/TencentOpenApi_IOS_Bundle.bundle; sourceTree = "<group>"; };
		627AB35916F85D3D00305B9C /* TencentOpenAPI.framework */ = {isa = PBXFileReference; lastKnownFileType = wrapper.framework; name = TencentOpenAPI.framework; path = multiple_oauth/TencentOpenAPI.framework; sourceTree = "<group>"; };
		627AB35B16F85DFD00305B9C /* SystemConfiguration.framework */ = {isa = PBXFileReference; lastKnownFileType = wrapper.framework; name = SystemConfiguration.framework; path = System/Library/Frameworks/SystemConfiguration.framework; sourceTree = SDKROOT; };
		627AB36116F85EA000305B9C /* libiconv.dylib */ = {isa = PBXFileReference; lastKnownFileType = "compiled.mach-o.dylib"; name = libiconv.dylib; path = usr/lib/libiconv.dylib; sourceTree = SDKROOT; };
/* End PBXFileReference section */

/* Begin PBXFrameworksBuildPhase section */
		627AB31616F8584400305B9C /* Frameworks */ = {
			isa = PBXFrameworksBuildPhase;
			buildActionMask = 2147483647;
			files = (
				627AB36216F85EA000305B9C /* libiconv.dylib in Frameworks */,
				627AB35C16F85DFD00305B9C /* SystemConfiguration.framework in Frameworks */,
				627AB31E16F8584400305B9C /* UIKit.framework in Frameworks */,
				627AB32016F8584400305B9C /* Foundation.framework in Frameworks */,
				627AB32216F8584400305B9C /* CoreGraphics.framework in Frameworks */,
				627AB35A16F85D3D00305B9C /* TencentOpenAPI.framework in Frameworks */,
			);
			runOnlyForDeploymentPostprocessing = 0;
		};
/* End PBXFrameworksBuildPhase section */

/* Begin PBXGroup section */
		627AB30E16F8584400305B9C = {
			isa = PBXGroup;
			children = (
				627AB32316F8584400305B9C /* multiple_oauth */,
				627AB34016F85A2500305B9C /* sinaweibo_ios_sdk */,
				627AB31C16F8584400305B9C /* Frameworks */,
				627AB31A16F8584400305B9C /* Products */,
			);
			sourceTree = "<group>";
		};
		627AB31A16F8584400305B9C /* Products */ = {
			isa = PBXGroup;
			children = (
				627AB31916F8584400305B9C /* multiple_oauth.app */,
			);
			name = Products;
			sourceTree = "<group>";
		};
		627AB31C16F8584400305B9C /* Frameworks */ = {
			isa = PBXGroup;
			children = (
				627AB35716F85D3200305B9C /* TencentOpenApi_IOS_Bundle.bundle */,
				627AB36116F85EA000305B9C /* libiconv.dylib */,
				627AB35916F85D3D00305B9C /* TencentOpenAPI.framework */,
				627AB35B16F85DFD00305B9C /* SystemConfiguration.framework */,
				627AB31D16F8584400305B9C /* UIKit.framework */,
				627AB31F16F8584400305B9C /* Foundation.framework */,
				627AB32116F8584400305B9C /* CoreGraphics.framework */,
			);
			name = Frameworks;
			sourceTree = "<group>";
		};
		627AB32316F8584400305B9C /* multiple_oauth */ = {
			isa = PBXGroup;
			children = (
				627AB32C16F8584400305B9C /* AppDelegate.h */,
				627AB32D16F8584400305B9C /* AppDelegate.m */,
				627AB33516F8584400305B9C /* MainStoryboard.storyboard */,
				627AB33816F8584400305B9C /* ViewController.h */,
				627AB33916F8584400305B9C /* ViewController.m */,
				6249A8CF16F875AC000E2AC0 /* SinaWeiboViewController.h */,
				6249A8D016F875AC000E2AC0 /* SinaWeiboViewController.m */,
				6249A8D316F875C4000E2AC0 /* TencentQQViewController.h */,
				6249A8D416F875C4000E2AC0 /* TencentQQViewController.m */,
				627AB32416F8584400305B9C /* Supporting Files */,
			);
			path = multiple_oauth;
			sourceTree = "<group>";
		};
		627AB32416F8584400305B9C /* Supporting Files */ = {
			isa = PBXGroup;
			children = (
				627AB32516F8584400305B9C /* multiple_oauth-Info.plist */,
				627AB32616F8584400305B9C /* InfoPlist.strings */,
				627AB32916F8584400305B9C /* main.m */,
				627AB32B16F8584400305B9C /* multiple_oauth-Prefix.pch */,
				627AB32F16F8584400305B9C /* Default.png */,
				627AB33116F8584400305B9C /* Default@2x.png */,
				627AB33316F8584400305B9C /* Default-568h@2x.png */,
			);
			name = "Supporting Files";
			sourceTree = "<group>";
		};
		627AB34016F85A2500305B9C /* sinaweibo_ios_sdk */ = {
			isa = PBXGroup;
			children = (
				627AB34116F85A2500305B9C /* JSONKit */,
				627AB34416F85A2500305B9C /* SinaWeibo */,
			);
			name = sinaweibo_ios_sdk;
			path = multiple_oauth/sinaweibo_ios_sdk;
			sourceTree = "<group>";
		};
		627AB34116F85A2500305B9C /* JSONKit */ = {
			isa = PBXGroup;
			children = (
				627AB34216F85A2500305B9C /* JSONKit.h */,
				627AB34316F85A2500305B9C /* JSONKit.m */,
			);
			path = JSONKit;
			sourceTree = "<group>";
		};
		627AB34416F85A2500305B9C /* SinaWeibo */ = {
			isa = PBXGroup;
			children = (
				627AB34516F85A2500305B9C /* SinaWeibo.bundle */,
				627AB34616F85A2500305B9C /* SinaWeibo.h */,
				627AB34716F85A2500305B9C /* SinaWeibo.m */,
				627AB34816F85A2500305B9C /* SinaWeiboAuthorizeView.h */,
				627AB34916F85A2500305B9C /* SinaWeiboAuthorizeView.m */,
				627AB34A16F85A2500305B9C /* SinaWeiboConstants.h */,
				627AB34B16F85A2500305B9C /* SinaWeiboRequest.h */,
				627AB34C16F85A2500305B9C /* SinaWeiboRequest.m */,
			);
			path = SinaWeibo;
			sourceTree = "<group>";
		};
/* End PBXGroup section */

/* Begin PBXNativeTarget section */
		627AB31816F8584400305B9C /* multiple_oauth */ = {
			isa = PBXNativeTarget;
			buildConfigurationList = 627AB33D16F8584400305B9C /* Build configuration list for PBXNativeTarget "multiple_oauth" */;
			buildPhases = (
				627AB31516F8584400305B9C /* Sources */,
				627AB31616F8584400305B9C /* Frameworks */,
				627AB31716F8584400305B9C /* Resources */,
			);
			buildRules = (
			);
			dependencies = (
			);
			name = multiple_oauth;
			productName = multiple_oauth;
			productReference = 627AB31916F8584400305B9C /* multiple_oauth.app */;
			productType = "com.apple.product-type.application";
		};
/* End PBXNativeTarget section */

/* Begin PBXProject section */
		627AB31016F8584400305B9C /* Project object */ = {
			isa = PBXProject;
			attributes = {
				LastUpgradeCheck = 0450;
				ORGANIZATIONNAME = Kingiol;
			};
			buildConfigurationList = 627AB31316F8584400305B9C /* Build configuration list for PBXProject "multiple_oauth" */;
			compatibilityVersion = "Xcode 3.2";
			developmentRegion = English;
			hasScannedForEncodings = 0;
			knownRegions = (
				en,
			);
			mainGroup = 627AB30E16F8584400305B9C;
			productRefGroup = 627AB31A16F8584400305B9C /* Products */;
			projectDirPath = "";
			projectRoot = "";
			targets = (
				627AB31816F8584400305B9C /* multiple_oauth */,
			);
		};
/* End PBXProject section */

/* Begin PBXResourcesBuildPhase section */
		627AB31716F8584400305B9C /* Resources */ = {
			isa = PBXResourcesBuildPhase;
			buildActionMask = 2147483647;
			files = (
				627AB32816F8584400305B9C /* InfoPlist.strings in Resources */,
				627AB33016F8584400305B9C /* Default.png in Resources */,
				627AB33216F8584400305B9C /* Default@2x.png in Resources */,
				627AB33416F8584400305B9C /* Default-568h@2x.png in Resources */,
				627AB33716F8584400305B9C /* MainStoryboard.storyboard in Resources */,
				627AB34E16F85A2500305B9C /* SinaWeibo.bundle in Resources */,
				627AB35816F85D3200305B9C /* TencentOpenApi_IOS_Bundle.bundle in Resources */,
			);
			runOnlyForDeploymentPostprocessing = 0;
		};
/* End PBXResourcesBuildPhase section */

/* Begin PBXSourcesBuildPhase section */
		627AB31516F8584400305B9C /* Sources */ = {
			isa = PBXSourcesBuildPhase;
			buildActionMask = 2147483647;
			files = (
				627AB32A16F8584400305B9C /* main.m in Sources */,
				627AB32E16F8584400305B9C /* AppDelegate.m in Sources */,
				627AB33A16F8584400305B9C /* ViewController.m in Sources */,
				627AB34D16F85A2500305B9C /* JSONKit.m in Sources */,
				627AB34F16F85A2500305B9C /* SinaWeibo.m in Sources */,
				627AB35016F85A2500305B9C /* SinaWeiboAuthorizeView.m in Sources */,
				627AB35116F85A2500305B9C /* SinaWeiboRequest.m in Sources */,
				6249A8D116F875AC000E2AC0 /* SinaWeiboViewController.m in Sources */,
				6249A8D516F875C4000E2AC0 /* TencentQQViewController.m in Sources */,
			);
			runOnlyForDeploymentPostprocessing = 0;
		};
/* End PBXSourcesBuildPhase section */

/* Begin PBXVariantGroup section */
		627AB32616F8584400305B9C /* InfoPlist.strings */ = {
			isa = PBXVariantGroup;
			children = (
				627AB32716F8584400305B9C /* en */,
			);
			name = InfoPlist.strings;
			sourceTree = "<group>";
		};
		627AB33516F8584400305B9C /* MainStoryboard.storyboard */ = {
			isa = PBXVariantGroup;
			children = (
				627AB33616F8584400305B9C /* en */,
			);
			name = MainStoryboard.storyboard;
			sourceTree = "<group>";
		};
/* End PBXVariantGroup section */

/* Begin XCBuildConfiguration section */
		627AB33B16F8584400305B9C /* Debug */ = {
			isa = XCBuildConfiguration;
			buildSettings = {
				ALWAYS_SEARCH_USER_PATHS = NO;
				CLANG_CXX_LANGUAGE_STANDARD = "gnu++0x";
				CLANG_CXX_LIBRARY = "libc++";
				CLANG_WARN_EMPTY_BODY = YES;
				CLANG_WARN__DUPLICATE_METHOD_MATCH = YES;
				"CODE_SIGN_IDENTITY[sdk=iphoneos*]" = "iPhone Developer";
				COPY_PHASE_STRIP = NO;
				GCC_C_LANGUAGE_STANDARD = gnu99;
				GCC_DYNAMIC_NO_PIC = NO;
				GCC_OPTIMIZATION_LEVEL = 0;
				GCC_PREPROCESSOR_DEFINITIONS = (
					"DEBUG=1",
					"$(inherited)",
				);
				GCC_SYMBOLS_PRIVATE_EXTERN = NO;
				GCC_WARN_ABOUT_RETURN_TYPE = YES;
				GCC_WARN_UNINITIALIZED_AUTOS = YES;
				GCC_WARN_UNUSED_VARIABLE = YES;
				IPHONEOS_DEPLOYMENT_TARGET = 6.0;
				ONLY_ACTIVE_ARCH = YES;
				SDKROOT = iphoneos;
			};
			name = Debug;
		};
		627AB33C16F8584400305B9C /* Release */ = {
			isa = XCBuildConfiguration;
			buildSettings = {
				ALWAYS_SEARCH_USER_PATHS = NO;
				CLANG_CXX_LANGUAGE_STANDARD = "gnu++0x";
				CLANG_CXX_LIBRARY = "libc++";
				CLANG_WARN_EMPTY_BODY = YES;
				CLANG_WARN__DUPLICATE_METHOD_MATCH = YES;
				"CODE_SIGN_IDENTITY[sdk=iphoneos*]" = "iPhone Developer";
				COPY_PHASE_STRIP = YES;
				GCC_C_LANGUAGE_STANDARD = gnu99;
				GCC_WARN_ABOUT_RETURN_TYPE = YES;
				GCC_WARN_UNINITIALIZED_AUTOS = YES;
				GCC_WARN_UNUSED_VARIABLE = YES;
				IPHONEOS_DEPLOYMENT_TARGET = 6.0;
				OTHER_CFLAGS = "-DNS_BLOCK_ASSERTIONS=1";
				SDKROOT = iphoneos;
				VALIDATE_PRODUCT = YES;
			};
			name = Release;
		};
		627AB33E16F8584400305B9C /* Debug */ = {
			isa = XCBuildConfiguration;
			buildSettings = {
				FRAMEWORK_SEARCH_PATHS = (
					"$(inherited)",
					"\"$(SRCROOT)/multiple_oauth/tencentqq-ios-sdk\"",
					"\"$(SRCROOT)/multiple_oauth\"",
				);
				GCC_PRECOMPILE_PREFIX_HEADER = YES;
				GCC_PREFIX_HEADER = "multiple_oauth/multiple_oauth-Prefix.pch";
				INFOPLIST_FILE = "multiple_oauth/multiple_oauth-Info.plist";
				OTHER_LDFLAGS = "-ObjC";
				PRODUCT_NAME = "$(TARGET_NAME)";
				WRAPPER_EXTENSION = app;
			};
			name = Debug;
		};
		627AB33F16F8584400305B9C /* Release */ = {
			isa = XCBuildConfiguration;
			buildSettings = {
				FRAMEWORK_SEARCH_PATHS = (
					"$(inherited)",
					"\"$(SRCROOT)/multiple_oauth/tencentqq-ios-sdk\"",
					"\"$(SRCROOT)/multiple_oauth\"",
				);
				GCC_PRECOMPILE_PREFIX_HEADER = YES;
				GCC_PREFIX_HEADER = "multiple_oauth/multiple_oauth-Prefix.pch";
				INFOPLIST_FILE = "multiple_oauth/multiple_oauth-Info.plist";
				OTHER_LDFLAGS = "-ObjC";
				PRODUCT_NAME = "$(TARGET_NAME)";
				WRAPPER_EXTENSION = app;
			};
			name = Release;
		};
/* End XCBuildConfiguration section */

/* Begin XCConfigurationList section */
		627AB31316F8584400305B9C /* Build configuration list for PBXProject "multiple_oauth" */ = {
			isa = XCConfigurationList;
			buildConfigurations = (
				627AB33B16F8584400305B9C /* Debug */,
				627AB33C16F8584400305B9C /* Release */,
			);
			defaultConfigurationIsVisible = 0;
			defaultConfigurationName = Release;
		};
		627AB33D16F8584400305B9C /* Build configuration list for PBXNativeTarget "multiple_oauth" */ = {
			isa = XCConfigurationList;
			buildConfigurations = (
				627AB33E16F8584400305B9C /* Debug */,
				627AB33F16F8584400305B9C /* Release */,
			);
			defaultConfigurationIsVisible = 0;
			defaultConfigurationName = Release;
		};
/* End XCConfigurationList section */
	};
	rootObject = 627AB31016F8584400305B9C /* Project object */;
}
